
Microsoft Visual Studio Solution File, Format Version 11.00
# Visual Studio 2010
Project("{FAE04EC0-301F-11D3-BF4B-00C04F79EFBC}") = "MediaCatalog", "MediaCatalog\MediaCatalog.csproj", "{667EC0C4-AAA6-40FD-ADC9-414C65C1BDC6}"
EndProject
Project("{FAE04EC0-301F-11D3-BF4B-00C04F79EFBC}") = "Common", "Common\Common.csproj", "{E66025A2-8077-40D1-B627-4D4945CEB365}"
EndProject
Project("{FAE04EC0-301F-11D3-BF4B-00C04F79EFBC}") = "DataLayer", "DataLayer\DataLayer.csproj", "{7AA524BE-382B-4B5B-906A-1218ACCF7C76}"
EndProject
Project("{FAE04EC0-301F-11D3-BF4B-00C04F79EFBC}") = "Modules.WorkspaceSelector", "Modules.WorkspaceSelector\Modules.WorkspaceSelector.csproj", "{AF810DAD-6E54-4A77-AF63-EDFE75B4179E}"
EndProject
Project("{FAE04EC0-301F-11D3-BF4B-00C04F79EFBC}") = "MediaCatalog.Tests", "Tests.DataLayer\MediaCatalog.Tests.csproj", "{ED14E9D4-01F2-4CAB-BBEB-99406744E3FA}"
EndProject
Project("{2150E333-8FDC-42A3-9474-1A3956D46DE8}") = "Solution Items", "Solution Items", "{D0BBAE76-1E76-434E-9A46-0B5B7008E820}"
	ProjectSection(SolutionItems) = preProject
		Local.testsettings = Local.testsettings
		MediaCatalog.vsmdi = MediaCatalog.vsmdi
		TraceAndTestImpact.testsettings = TraceAndTestImpact.testsettings
	EndProjectSection
EndProject
Project("{FAE04EC0-301F-11D3-BF4B-00C04F79EFBC}") = "BusinessObjects", "BusinessObjects\BusinessObjects.csproj", "{82C52DA4-8017-469C-8665-BE404E072A4B}"
EndProject
Project("{FAE04EC0-301F-11D3-BF4B-00C04F79EFBC}") = "DataServices", "DataServices\DataServices.csproj", "{EF68B28D-CEE3-4398-BA62-7C79F5926866}"
EndProject
Project("{FAE04EC0-301F-11D3-BF4B-00C04F79EFBC}") = "Common.Commands", "CommonCommands\Common.Commands.csproj", "{AF33854B-F0F2-4207-892D-2B288E4E37D5}"
EndProject
Project("{FAE04EC0-301F-11D3-BF4B-00C04F79EFBC}") = "Modules.Artists", "Modules.Artists\Modules.Artists.csproj", "{2C8F6CE7-6E38-4C96-BA54-B034F4CB5FD4}"
EndProject
Project("{FAE04EC0-301F-11D3-BF4B-00C04F79EFBC}") = "Modules.Albums", "Modules.Albums\Modules.Albums.csproj", "{8C6FC40F-7A8B-48A9-AA55-E4C1F31F4402}"
EndProject
Project("{FAE04EC0-301F-11D3-BF4B-00C04F79EFBC}") = "Modules.Login", "Modules.Login\Modules.Login.csproj", "{EDFC7E59-293C-46A1-9DF6-92408BF45E0D}"
EndProject
Project("{FAE04EC0-301F-11D3-BF4B-00C04F79EFBC}") = "Modules.Main", "Modules.Main\Modules.Main.csproj", "{C80AD635-1E58-468B-8FE5-CD5E9A27C987}"
EndProject
Project("{FAE04EC0-301F-11D3-BF4B-00C04F79EFBC}") = "Modules.Notifications", "Modules.Notifications\Modules.Notifications.csproj", "{069B41DB-E60D-46C2-A303-EDE85A4053CD}"
EndProject
Project("{FAE04EC0-301F-11D3-BF4B-00C04F79EFBC}") = "Common.Dialogs", "Common.Dialogs\Common.Dialogs.csproj", "{CAE942B3-324B-4B06-BCB3-AADFAC80A69C}"
EndProject
Project("{FAE04EC0-301F-11D3-BF4B-00C04F79EFBC}") = "Common.Controls", "Common.Controls\Common.Controls.csproj", "{65BBD200-9201-46BF-877F-3AF4D68039B2}"
EndProject
Project("{FAE04EC0-301F-11D3-BF4B-00C04F79EFBC}") = "Modules.Tags", "Modules.Tags\Modules.Tags.csproj", "{7201F129-CE32-4F17-91A0-B71FD3A257CE}"
EndProject
Project("{FAE04EC0-301F-11D3-BF4B-00C04F79EFBC}") = "Modules.DatabaseSettings", "Modules.DatabaseSettings\Modules.DatabaseSettings.csproj", "{F20BE165-AEA7-444F-B1F2-773A33D04EBD}"
EndProject
Project("{FAE04EC0-301F-11D3-BF4B-00C04F79EFBC}") = "Modules.Listenings", "Modules.Listenings\Modules.Listenings.csproj", "{35061300-651E-4734-BFA6-A8C69C83ED05}"
EndProject
Project("{2150E333-8FDC-42A3-9474-1A3956D46DE8}") = "Lib", "Lib", "{EED3D0DF-F921-4817-B284-0AE429FEA339}"
EndProject
Project("{2150E333-8FDC-42A3-9474-1A3956D46DE8}") = "Log4Net", "Log4Net", "{B52A3233-0C4E-4541-B72F-F32EFAE96219}"
	ProjectSection(SolutionItems) = preProject
		Lib\Log4net\log4net.dll = Lib\Log4net\log4net.dll
		Lib\Log4net\log4net.xml = Lib\Log4net\log4net.xml
	EndProjectSection
EndProject
Project("{2150E333-8FDC-42A3-9474-1A3956D46DE8}") = "NHibernate", "NHibernate", "{767F21E4-2EF3-434C-9872-655F1057B99E}"
	ProjectSection(SolutionItems) = preProject
		Lib\NHibernate\Antlr3.Runtime.dll = Lib\NHibernate\Antlr3.Runtime.dll
		Lib\NHibernate\Iesi.Collections.dll = Lib\NHibernate\Iesi.Collections.dll
		Lib\NHibernate\Iesi.Collections.xml = Lib\NHibernate\Iesi.Collections.xml
		Lib\NHibernate\LinFu.DynamicProxy.dll = Lib\NHibernate\LinFu.DynamicProxy.dll
		Lib\NHibernate\log4net.dll = Lib\NHibernate\log4net.dll
		Lib\NHibernate\log4net.license.txt = Lib\NHibernate\log4net.license.txt
		Lib\NHibernate\log4net.xml = Lib\NHibernate\log4net.xml
		Lib\NHibernate\nhibernate-configuration.xsd = Lib\NHibernate\nhibernate-configuration.xsd
		Lib\NHibernate\nhibernate-mapping.xsd = Lib\NHibernate\nhibernate-mapping.xsd
		Lib\NHibernate\NHibernate.ByteCode.LinFu.dll = Lib\NHibernate\NHibernate.ByteCode.LinFu.dll
		Lib\NHibernate\NHibernate.ByteCode.LinFu.xml = Lib\NHibernate\NHibernate.ByteCode.LinFu.xml
		Lib\NHibernate\NHibernate.dll = Lib\NHibernate\NHibernate.dll
		Lib\NHibernate\NHibernate.xml = Lib\NHibernate\NHibernate.xml
	EndProjectSection
EndProject
Project("{2150E333-8FDC-42A3-9474-1A3956D46DE8}") = "Npgsql", "Npgsql", "{E3E86D80-372C-46C6-BD96-757AFE7A2A81}"
	ProjectSection(SolutionItems) = preProject
		Lib\Npgsql\Mono.Security.dll = Lib\Npgsql\Mono.Security.dll
		Lib\Npgsql\Npgsql.dll = Lib\Npgsql\Npgsql.dll
	EndProjectSection
EndProject
Project("{2150E333-8FDC-42A3-9474-1A3956D46DE8}") = "Prism", "Prism", "{2A4139D5-B4D1-4494-AFDD-4CBEA3A40EA1}"
	ProjectSection(SolutionItems) = preProject
		Lib\Prism\Microsoft.Practices.Composite.dll = Lib\Prism\Microsoft.Practices.Composite.dll
		Lib\Prism\Microsoft.Practices.Composite.Presentation.dll = Lib\Prism\Microsoft.Practices.Composite.Presentation.dll
		Lib\Prism\Microsoft.Practices.Composite.Presentation.xml = Lib\Prism\Microsoft.Practices.Composite.Presentation.xml
		Lib\Prism\Microsoft.Practices.Composite.UnityExtensions.dll = Lib\Prism\Microsoft.Practices.Composite.UnityExtensions.dll
		Lib\Prism\Microsoft.Practices.Composite.UnityExtensions.xml = Lib\Prism\Microsoft.Practices.Composite.UnityExtensions.xml
		Lib\Prism\Microsoft.Practices.Composite.xml = Lib\Prism\Microsoft.Practices.Composite.xml
		Lib\Prism\Microsoft.Practices.ObjectBuilder2.dll = Lib\Prism\Microsoft.Practices.ObjectBuilder2.dll
		Lib\Prism\Microsoft.Practices.ObjectBuilder2.xml = Lib\Prism\Microsoft.Practices.ObjectBuilder2.xml
		Lib\Prism\Microsoft.Practices.ServiceLocation.dll = Lib\Prism\Microsoft.Practices.ServiceLocation.dll
		Lib\Prism\Microsoft.Practices.ServiceLocation.xml = Lib\Prism\Microsoft.Practices.ServiceLocation.xml
		Lib\Prism\Microsoft.Practices.Unity.dll = Lib\Prism\Microsoft.Practices.Unity.dll
		Lib\Prism\Microsoft.Practices.Unity.xml = Lib\Prism\Microsoft.Practices.Unity.xml
	EndProjectSection
EndProject
Project("{2150E333-8FDC-42A3-9474-1A3956D46DE8}") = "NUnit", "NUnit", "{553095A0-9B0D-4C29-8028-295E4D99C096}"
	ProjectSection(SolutionItems) = preProject
		Lib\NUnit\nunit-console-runner.dll = Lib\NUnit\nunit-console-runner.dll
		Lib\NUnit\nunit-gui-runner.dll = Lib\NUnit\nunit-gui-runner.dll
		Lib\NUnit\nunit.core.dll = Lib\NUnit\nunit.core.dll
		Lib\NUnit\nunit.core.interfaces.dll = Lib\NUnit\nunit.core.interfaces.dll
		Lib\NUnit\nunit.framework.dll = Lib\NUnit\nunit.framework.dll
		Lib\NUnit\nunit.framework.xml = Lib\NUnit\nunit.framework.xml
		Lib\NUnit\nunit.mocks.dll = Lib\NUnit\nunit.mocks.dll
		Lib\NUnit\nunit.uiexception.dll = Lib\NUnit\nunit.uiexception.dll
		Lib\NUnit\nunit.uikit.dll = Lib\NUnit\nunit.uikit.dll
		Lib\NUnit\nunit.util.dll = Lib\NUnit\nunit.util.dll
		Lib\NUnit\pnunit.framework.dll = Lib\NUnit\pnunit.framework.dll
	EndProjectSection
EndProject
Project("{2150E333-8FDC-42A3-9474-1A3956D46DE8}") = "WPFToolkit", "WPFToolkit", "{7A498CC9-88E1-4723-8872-041E050AF0A0}"
	ProjectSection(SolutionItems) = preProject
		Lib\WPFToolkit\System.Windows.Controls.DataVisualization.Toolkit.Design.4.0.dll = Lib\WPFToolkit\System.Windows.Controls.DataVisualization.Toolkit.Design.4.0.dll
		Lib\WPFToolkit\System.Windows.Controls.DataVisualization.Toolkit.dll = Lib\WPFToolkit\System.Windows.Controls.DataVisualization.Toolkit.dll
		Lib\WPFToolkit\System.Windows.Controls.DataVisualization.Toolkit.Expression.Design.dll = Lib\WPFToolkit\System.Windows.Controls.DataVisualization.Toolkit.Expression.Design.dll
		Lib\WPFToolkit\System.Windows.Controls.DataVisualization.Toolkit.VisualStudio.Design.dll = Lib\WPFToolkit\System.Windows.Controls.DataVisualization.Toolkit.VisualStudio.Design.dll
		Lib\WPFToolkit\System.Windows.Controls.Input.Toolkit.Design.dll = Lib\WPFToolkit\System.Windows.Controls.Input.Toolkit.Design.dll
		Lib\WPFToolkit\System.Windows.Controls.Input.Toolkit.dll = Lib\WPFToolkit\System.Windows.Controls.Input.Toolkit.dll
		Lib\WPFToolkit\System.Windows.Controls.Input.Toolkit.VisualStudio.Design.dll = Lib\WPFToolkit\System.Windows.Controls.Input.Toolkit.VisualStudio.Design.dll
		Lib\WPFToolkit\System.Windows.Controls.Layout.Toolkit.Design.dll = Lib\WPFToolkit\System.Windows.Controls.Layout.Toolkit.Design.dll
		Lib\WPFToolkit\System.Windows.Controls.Layout.Toolkit.dll = Lib\WPFToolkit\System.Windows.Controls.Layout.Toolkit.dll
		Lib\WPFToolkit\System.Windows.Controls.Layout.Toolkit.VisualStudio.Design.dll = Lib\WPFToolkit\System.Windows.Controls.Layout.Toolkit.VisualStudio.Design.dll
		Lib\WPFToolkit\WPFToolkit.Design.dll = Lib\WPFToolkit\WPFToolkit.Design.dll
		Lib\WPFToolkit\WPFToolkit.dll = Lib\WPFToolkit\WPFToolkit.dll
		Lib\WPFToolkit\WPFToolkit.VisualStudio.Design.dll = Lib\WPFToolkit\WPFToolkit.VisualStudio.Design.dll
	EndProjectSection
EndProject
Project("{FAE04EC0-301F-11D3-BF4B-00C04F79EFBC}") = "Modules.Import", "Modules.Import\Modules.Import.csproj", "{A226F52F-EE4A-4AF8-AC8A-95350E893E2C}"
EndProject
Project("{2150E333-8FDC-42A3-9474-1A3956D46DE8}") = "NMock", "NMock", "{3EBD4435-2853-4D56-BDFD-4DE1B13DB312}"
	ProjectSection(SolutionItems) = preProject
		Lib\NMock\NMock2.dll = Lib\NMock\NMock2.dll
	EndProjectSection
EndProject
Project("{2150E333-8FDC-42A3-9474-1A3956D46DE8}") = "SharpFlac", "SharpFlac", "{0DF7A59C-C2CC-4FCA-9C90-4F07558B4C94}"
	ProjectSection(SolutionItems) = preProject
		Lib\SharpFlac\SharpFlacLib.dll = Lib\SharpFlac\SharpFlacLib.dll
	EndProjectSection
EndProject
Project("{FAE04EC0-301F-11D3-BF4B-00C04F79EFBC}") = "FolderPickerLib", "FolderPickerLib\FolderPickerLib.csproj", "{F53582DB-02B7-4864-B7AA-AAD055A591E4}"
EndProject
Global
	GlobalSection(SubversionScc) = preSolution
		Svn-Managed = True
		Manager = AnkhSVN - Subversion Support for Visual Studio
	EndGlobalSection
	GlobalSection(TestCaseManagementSettings) = postSolution
		CategoryFile = MediaCatalog.vsmdi
	EndGlobalSection
	GlobalSection(SolutionConfigurationPlatforms) = preSolution
		Debug|Any CPU = Debug|Any CPU
		Debug|Mixed Platforms = Debug|Mixed Platforms
		Debug|x86 = Debug|x86
		Release|Any CPU = Release|Any CPU
		Release|Mixed Platforms = Release|Mixed Platforms
		Release|x86 = Release|x86
	EndGlobalSection
	GlobalSection(ProjectConfigurationPlatforms) = postSolution
		{667EC0C4-AAA6-40FD-ADC9-414C65C1BDC6}.Debug|Any CPU.ActiveCfg = Debug|x86
		{667EC0C4-AAA6-40FD-ADC9-414C65C1BDC6}.Debug|Any CPU.Build.0 = Debug|x86
		{667EC0C4-AAA6-40FD-ADC9-414C65C1BDC6}.Debug|Mixed Platforms.ActiveCfg = Debug|x86
		{667EC0C4-AAA6-40FD-ADC9-414C65C1BDC6}.Debug|Mixed Platforms.Build.0 = Debug|x86
		{667EC0C4-AAA6-40FD-ADC9-414C65C1BDC6}.Debug|x86.ActiveCfg = Debug|x86
		{667EC0C4-AAA6-40FD-ADC9-414C65C1BDC6}.Debug|x86.Build.0 = Debug|x86
		{667EC0C4-AAA6-40FD-ADC9-414C65C1BDC6}.Release|Any CPU.ActiveCfg = Release|x86
		{667EC0C4-AAA6-40FD-ADC9-414C65C1BDC6}.Release|Mixed Platforms.ActiveCfg = Release|x86
		{667EC0C4-AAA6-40FD-ADC9-414C65C1BDC6}.Release|Mixed Platforms.Build.0 = Release|x86
		{667EC0C4-AAA6-40FD-ADC9-414C65C1BDC6}.Release|x86.ActiveCfg = Release|x86
		{667EC0C4-AAA6-40FD-ADC9-414C65C1BDC6}.Release|x86.Build.0 = Release|x86
		{E66025A2-8077-40D1-B627-4D4945CEB365}.Debug|Any CPU.ActiveCfg = Debug|Any CPU
		{E66025A2-8077-40D1-B627-4D4945CEB365}.Debug|Any CPU.Build.0 = Debug|Any CPU
		{E66025A2-8077-40D1-B627-4D4945CEB365}.Debug|Mixed Platforms.ActiveCfg = Debug|Any CPU
		{E66025A2-8077-40D1-B627-4D4945CEB365}.Debug|Mixed Platforms.Build.0 = Debug|Any CPU
		{E66025A2-8077-40D1-B627-4D4945CEB365}.Debug|x86.ActiveCfg = Debug|Any CPU
		{E66025A2-8077-40D1-B627-4D4945CEB365}.Debug|x86.Build.0 = Debug|Any CPU
		{E66025A2-8077-40D1-B627-4D4945CEB365}.Release|Any CPU.ActiveCfg = Release|Any CPU
		{E66025A2-8077-40D1-B627-4D4945CEB365}.Release|Any CPU.Build.0 = Release|Any CPU
		{E66025A2-8077-40D1-B627-4D4945CEB365}.Release|Mixed Platforms.ActiveCfg = Release|Any CPU
		{E66025A2-8077-40D1-B627-4D4945CEB365}.Release|Mixed Platforms.Build.0 = Release|Any CPU
		{E66025A2-8077-40D1-B627-4D4945CEB365}.Release|x86.ActiveCfg = Release|Any CPU
		{7AA524BE-382B-4B5B-906A-1218ACCF7C76}.Debug|Any CPU.ActiveCfg = Debug|Any CPU
		{7AA524BE-382B-4B5B-906A-1218ACCF7C76}.Debug|Any CPU.Build.0 = Debug|Any CPU
		{7AA524BE-382B-4B5B-906A-1218ACCF7C76}.Debug|Mixed Platforms.ActiveCfg = Debug|Any CPU
		{7AA524BE-382B-4B5B-906A-1218ACCF7C76}.Debug|Mixed Platforms.Build.0 = Debug|Any CPU
		{7AA524BE-382B-4B5B-906A-1218ACCF7C76}.Debug|x86.ActiveCfg = Debug|Any CPU
		{7AA524BE-382B-4B5B-906A-1218ACCF7C76}.Debug|x86.Build.0 = Debug|Any CPU
		{7AA524BE-382B-4B5B-906A-1218ACCF7C76}.Release|Any CPU.ActiveCfg = Release|Any CPU
		{7AA524BE-382B-4B5B-906A-1218ACCF7C76}.Release|Any CPU.Build.0 = Release|Any CPU
		{7AA524BE-382B-4B5B-906A-1218ACCF7C76}.Release|Mixed Platforms.ActiveCfg = Release|Any CPU
		{7AA524BE-382B-4B5B-906A-1218ACCF7C76}.Release|Mixed Platforms.Build.0 = Release|Any CPU
		{7AA524BE-382B-4B5B-906A-1218ACCF7C76}.Release|x86.ActiveCfg = Release|Any CPU
		{AF810DAD-6E54-4A77-AF63-EDFE75B4179E}.Debug|Any CPU.ActiveCfg = Debug|Any CPU
		{AF810DAD-6E54-4A77-AF63-EDFE75B4179E}.Debug|Any CPU.Build.0 = Debug|Any CPU
		{AF810DAD-6E54-4A77-AF63-EDFE75B4179E}.Debug|Mixed Platforms.ActiveCfg = Debug|Any CPU
		{AF810DAD-6E54-4A77-AF63-EDFE75B4179E}.Debug|Mixed Platforms.Build.0 = Debug|Any CPU
		{AF810DAD-6E54-4A77-AF63-EDFE75B4179E}.Debug|x86.ActiveCfg = Debug|Any CPU
		{AF810DAD-6E54-4A77-AF63-EDFE75B4179E}.Release|Any CPU.ActiveCfg = Release|Any CPU
		{AF810DAD-6E54-4A77-AF63-EDFE75B4179E}.Release|Any CPU.Build.0 = Release|Any CPU
		{AF810DAD-6E54-4A77-AF63-EDFE75B4179E}.Release|Mixed Platforms.ActiveCfg = Release|Any CPU
		{AF810DAD-6E54-4A77-AF63-EDFE75B4179E}.Release|Mixed Platforms.Build.0 = Release|Any CPU
		{AF810DAD-6E54-4A77-AF63-EDFE75B4179E}.Release|x86.ActiveCfg = Release|Any CPU
		{ED14E9D4-01F2-4CAB-BBEB-99406744E3FA}.Debug|Any CPU.ActiveCfg = Debug|Any CPU
		{ED14E9D4-01F2-4CAB-BBEB-99406744E3FA}.Debug|Any CPU.Build.0 = Debug|Any CPU
		{ED14E9D4-01F2-4CAB-BBEB-99406744E3FA}.Debug|Mixed Platforms.ActiveCfg = Debug|Any CPU
		{ED14E9D4-01F2-4CAB-BBEB-99406744E3FA}.Debug|Mixed Platforms.Build.0 = Debug|Any CPU
		{ED14E9D4-01F2-4CAB-BBEB-99406744E3FA}.Debug|x86.ActiveCfg = Debug|Any CPU
		{ED14E9D4-01F2-4CAB-BBEB-99406744E3FA}.Release|Any CPU.ActiveCfg = Release|Any CPU
		{ED14E9D4-01F2-4CAB-BBEB-99406744E3FA}.Release|Any CPU.Build.0 = Release|Any CPU
		{ED14E9D4-01F2-4CAB-BBEB-99406744E3FA}.Release|Mixed Platforms.ActiveCfg = Release|Any CPU
		{ED14E9D4-01F2-4CAB-BBEB-99406744E3FA}.Release|Mixed Platforms.Build.0 = Release|Any CPU
		{ED14E9D4-01F2-4CAB-BBEB-99406744E3FA}.Release|x86.ActiveCfg = Release|Any CPU
		{82C52DA4-8017-469C-8665-BE404E072A4B}.Debug|Any CPU.ActiveCfg = Debug|Any CPU
		{82C52DA4-8017-469C-8665-BE404E072A4B}.Debug|Any CPU.Build.0 = Debug|Any CPU
		{82C52DA4-8017-469C-8665-BE404E072A4B}.Debug|Mixed Platforms.ActiveCfg = Debug|Any CPU
		{82C52DA4-8017-469C-8665-BE404E072A4B}.Debug|Mixed Platforms.Build.0 = Debug|Any CPU
		{82C52DA4-8017-469C-8665-BE404E072A4B}.Debug|x86.ActiveCfg = Debug|Any CPU
		{82C52DA4-8017-469C-8665-BE404E072A4B}.Release|Any CPU.ActiveCfg = Release|Any CPU
		{82C52DA4-8017-469C-8665-BE404E072A4B}.Release|Any CPU.Build.0 = Release|Any CPU
		{82C52DA4-8017-469C-8665-BE404E072A4B}.Release|Mixed Platforms.ActiveCfg = Release|Any CPU
		{82C52DA4-8017-469C-8665-BE404E072A4B}.Release|Mixed Platforms.Build.0 = Release|Any CPU
		{82C52DA4-8017-469C-8665-BE404E072A4B}.Release|x86.ActiveCfg = Release|Any CPU
		{EF68B28D-CEE3-4398-BA62-7C79F5926866}.Debug|Any CPU.ActiveCfg = Debug|Any CPU
		{EF68B28D-CEE3-4398-BA62-7C79F5926866}.Debug|Any CPU.Build.0 = Debug|Any CPU
		{EF68B28D-CEE3-4398-BA62-7C79F5926866}.Debug|Mixed Platforms.ActiveCfg = Debug|Any CPU
		{EF68B28D-CEE3-4398-BA62-7C79F5926866}.Debug|Mixed Platforms.Build.0 = Debug|Any CPU
		{EF68B28D-CEE3-4398-BA62-7C79F5926866}.Debug|x86.ActiveCfg = Debug|Any CPU
		{EF68B28D-CEE3-4398-BA62-7C79F5926866}.Release|Any CPU.ActiveCfg = Release|Any CPU
		{EF68B28D-CEE3-4398-BA62-7C79F5926866}.Release|Any CPU.Build.0 = Release|Any CPU
		{EF68B28D-CEE3-4398-BA62-7C79F5926866}.Release|Mixed Platforms.ActiveCfg = Release|Any CPU
		{EF68B28D-CEE3-4398-BA62-7C79F5926866}.Release|Mixed Platforms.Build.0 = Release|Any CPU
		{EF68B28D-CEE3-4398-BA62-7C79F5926866}.Release|x86.ActiveCfg = Release|Any CPU
		{AF33854B-F0F2-4207-892D-2B288E4E37D5}.Debug|Any CPU.ActiveCfg = Debug|Any CPU
		{AF33854B-F0F2-4207-892D-2B288E4E37D5}.Debug|Any CPU.Build.0 = Debug|Any CPU
		{AF33854B-F0F2-4207-892D-2B288E4E37D5}.Debug|Mixed Platforms.ActiveCfg = Debug|Any CPU
		{AF33854B-F0F2-4207-892D-2B288E4E37D5}.Debug|Mixed Platforms.Build.0 = Debug|Any CPU
		{AF33854B-F0F2-4207-892D-2B288E4E37D5}.Debug|x86.ActiveCfg = Debug|Any CPU
		{AF33854B-F0F2-4207-892D-2B288E4E37D5}.Release|Any CPU.ActiveCfg = Release|Any CPU
		{AF33854B-F0F2-4207-892D-2B288E4E37D5}.Release|Any CPU.Build.0 = Release|Any CPU
		{AF33854B-F0F2-4207-892D-2B288E4E37D5}.Release|Mixed Platforms.ActiveCfg = Release|Any CPU
		{AF33854B-F0F2-4207-892D-2B288E4E37D5}.Release|Mixed Platforms.Build.0 = Release|Any CPU
		{AF33854B-F0F2-4207-892D-2B288E4E37D5}.Release|x86.ActiveCfg = Release|Any CPU
		{2C8F6CE7-6E38-4C96-BA54-B034F4CB5FD4}.Debug|Any CPU.ActiveCfg = Debug|Any CPU
		{2C8F6CE7-6E38-4C96-BA54-B034F4CB5FD4}.Debug|Any CPU.Build.0 = Debug|Any CPU
		{2C8F6CE7-6E38-4C96-BA54-B034F4CB5FD4}.Debug|Mixed Platforms.ActiveCfg = Debug|Any CPU
		{2C8F6CE7-6E38-4C96-BA54-B034F4CB5FD4}.Debug|Mixed Platforms.Build.0 = Debug|Any CPU
		{2C8F6CE7-6E38-4C96-BA54-B034F4CB5FD4}.Debug|x86.ActiveCfg = Debug|Any CPU
		{2C8F6CE7-6E38-4C96-BA54-B034F4CB5FD4}.Release|Any CPU.ActiveCfg = Release|Any CPU
		{2C8F6CE7-6E38-4C96-BA54-B034F4CB5FD4}.Release|Any CPU.Build.0 = Release|Any CPU
		{2C8F6CE7-6E38-4C96-BA54-B034F4CB5FD4}.Release|Mixed Platforms.ActiveCfg = Release|Any CPU
		{2C8F6CE7-6E38-4C96-BA54-B034F4CB5FD4}.Release|Mixed Platforms.Build.0 = Release|Any CPU
		{2C8F6CE7-6E38-4C96-BA54-B034F4CB5FD4}.Release|x86.ActiveCfg = Release|Any CPU
		{8C6FC40F-7A8B-48A9-AA55-E4C1F31F4402}.Debug|Any CPU.ActiveCfg = Debug|Any CPU
		{8C6FC40F-7A8B-48A9-AA55-E4C1F31F4402}.Debug|Any CPU.Build.0 = Debug|Any CPU
		{8C6FC40F-7A8B-48A9-AA55-E4C1F31F4402}.Debug|Mixed Platforms.ActiveCfg = Debug|Any CPU
		{8C6FC40F-7A8B-48A9-AA55-E4C1F31F4402}.Debug|Mixed Platforms.Build.0 = Debug|Any CPU
		{8C6FC40F-7A8B-48A9-AA55-E4C1F31F4402}.Debug|x86.ActiveCfg = Debug|Any CPU
		{8C6FC40F-7A8B-48A9-AA55-E4C1F31F4402}.Release|Any CPU.ActiveCfg = Release|Any CPU
		{8C6FC40F-7A8B-48A9-AA55-E4C1F31F4402}.Release|Any CPU.Build.0 = Release|Any CPU
		{8C6FC40F-7A8B-48A9-AA55-E4C1F31F4402}.Release|Mixed Platforms.ActiveCfg = Release|Any CPU
		{8C6FC40F-7A8B-48A9-AA55-E4C1F31F4402}.Release|Mixed Platforms.Build.0 = Release|Any CPU
		{8C6FC40F-7A8B-48A9-AA55-E4C1F31F4402}.Release|x86.ActiveCfg = Release|Any CPU
		{EDFC7E59-293C-46A1-9DF6-92408BF45E0D}.Debug|Any CPU.ActiveCfg = Debug|Any CPU
		{EDFC7E59-293C-46A1-9DF6-92408BF45E0D}.Debug|Any CPU.Build.0 = Debug|Any CPU
		{EDFC7E59-293C-46A1-9DF6-92408BF45E0D}.Debug|Mixed Platforms.ActiveCfg = Debug|Any CPU
		{EDFC7E59-293C-46A1-9DF6-92408BF45E0D}.Debug|Mixed Platforms.Build.0 = Debug|Any CPU
		{EDFC7E59-293C-46A1-9DF6-92408BF45E0D}.Debug|x86.ActiveCfg = Debug|Any CPU
		{EDFC7E59-293C-46A1-9DF6-92408BF45E0D}.Release|Any CPU.ActiveCfg = Release|Any CPU
		{EDFC7E59-293C-46A1-9DF6-92408BF45E0D}.Release|Any CPU.Build.0 = Release|Any CPU
		{EDFC7E59-293C-46A1-9DF6-92408BF45E0D}.Release|Mixed Platforms.ActiveCfg = Release|Any CPU
		{EDFC7E59-293C-46A1-9DF6-92408BF45E0D}.Release|Mixed Platforms.Build.0 = Release|Any CPU
		{EDFC7E59-293C-46A1-9DF6-92408BF45E0D}.Release|x86.ActiveCfg = Release|Any CPU
		{C80AD635-1E58-468B-8FE5-CD5E9A27C987}.Debug|Any CPU.ActiveCfg = Debug|Any CPU
		{C80AD635-1E58-468B-8FE5-CD5E9A27C987}.Debug|Any CPU.Build.0 = Debug|Any CPU
		{C80AD635-1E58-468B-8FE5-CD5E9A27C987}.Debug|Mixed Platforms.ActiveCfg = Debug|Any CPU
		{C80AD635-1E58-468B-8FE5-CD5E9A27C987}.Debug|Mixed Platforms.Build.0 = Debug|Any CPU
		{C80AD635-1E58-468B-8FE5-CD5E9A27C987}.Debug|x86.ActiveCfg = Debug|Any CPU
		{C80AD635-1E58-468B-8FE5-CD5E9A27C987}.Release|Any CPU.ActiveCfg = Release|Any CPU
		{C80AD635-1E58-468B-8FE5-CD5E9A27C987}.Release|Any CPU.Build.0 = Release|Any CPU
		{C80AD635-1E58-468B-8FE5-CD5E9A27C987}.Release|Mixed Platforms.ActiveCfg = Release|Any CPU
		{C80AD635-1E58-468B-8FE5-CD5E9A27C987}.Release|Mixed Platforms.Build.0 = Release|Any CPU
		{C80AD635-1E58-468B-8FE5-CD5E9A27C987}.Release|x86.ActiveCfg = Release|Any CPU
		{069B41DB-E60D-46C2-A303-EDE85A4053CD}.Debug|Any CPU.ActiveCfg = Debug|Any CPU
		{069B41DB-E60D-46C2-A303-EDE85A4053CD}.Debug|Any CPU.Build.0 = Debug|Any CPU
		{069B41DB-E60D-46C2-A303-EDE85A4053CD}.Debug|Mixed Platforms.ActiveCfg = Debug|Any CPU
		{069B41DB-E60D-46C2-A303-EDE85A4053CD}.Debug|Mixed Platforms.Build.0 = Debug|Any CPU
		{069B41DB-E60D-46C2-A303-EDE85A4053CD}.Debug|x86.ActiveCfg = Debug|Any CPU
		{069B41DB-E60D-46C2-A303-EDE85A4053CD}.Release|Any CPU.ActiveCfg = Release|Any CPU
		{069B41DB-E60D-46C2-A303-EDE85A4053CD}.Release|Any CPU.Build.0 = Release|Any CPU
		{069B41DB-E60D-46C2-A303-EDE85A4053CD}.Release|Mixed Platforms.ActiveCfg = Release|Any CPU
		{069B41DB-E60D-46C2-A303-EDE85A4053CD}.Release|Mixed Platforms.Build.0 = Release|Any CPU
		{069B41DB-E60D-46C2-A303-EDE85A4053CD}.Release|x86.ActiveCfg = Release|Any CPU
		{CAE942B3-324B-4B06-BCB3-AADFAC80A69C}.Debug|Any CPU.ActiveCfg = Debug|Any CPU
		{CAE942B3-324B-4B06-BCB3-AADFAC80A69C}.Debug|Any CPU.Build.0 = Debug|Any CPU
		{CAE942B3-324B-4B06-BCB3-AADFAC80A69C}.Debug|Mixed Platforms.ActiveCfg = Debug|Any CPU
		{CAE942B3-324B-4B06-BCB3-AADFAC80A69C}.Debug|Mixed Platforms.Build.0 = Debug|Any CPU
		{CAE942B3-324B-4B06-BCB3-AADFAC80A69C}.Debug|x86.ActiveCfg = Debug|Any CPU
		{CAE942B3-324B-4B06-BCB3-AADFAC80A69C}.Release|Any CPU.ActiveCfg = Release|Any CPU
		{CAE942B3-324B-4B06-BCB3-AADFAC80A69C}.Release|Any CPU.Build.0 = Release|Any CPU
		{CAE942B3-324B-4B06-BCB3-AADFAC80A69C}.Release|Mixed Platforms.ActiveCfg = Release|Any CPU
		{CAE942B3-324B-4B06-BCB3-AADFAC80A69C}.Release|Mixed Platforms.Build.0 = Release|Any CPU
		{CAE942B3-324B-4B06-BCB3-AADFAC80A69C}.Release|x86.ActiveCfg = Release|Any CPU
		{65BBD200-9201-46BF-877F-3AF4D68039B2}.Debug|Any CPU.ActiveCfg = Debug|Any CPU
		{65BBD200-9201-46BF-877F-3AF4D68039B2}.Debug|Any CPU.Build.0 = Debug|Any CPU
		{65BBD200-9201-46BF-877F-3AF4D68039B2}.Debug|Mixed Platforms.ActiveCfg = Debug|Any CPU
		{65BBD200-9201-46BF-877F-3AF4D68039B2}.Debug|Mixed Platforms.Build.0 = Debug|Any CPU
		{65BBD200-9201-46BF-877F-3AF4D68039B2}.Debug|x86.ActiveCfg = Debug|Any CPU
		{65BBD200-9201-46BF-877F-3AF4D68039B2}.Release|Any CPU.ActiveCfg = Release|Any CPU
		{65BBD200-9201-46BF-877F-3AF4D68039B2}.Release|Any CPU.Build.0 = Release|Any CPU
		{65BBD200-9201-46BF-877F-3AF4D68039B2}.Release|Mixed Platforms.ActiveCfg = Release|Any CPU
		{65BBD200-9201-46BF-877F-3AF4D68039B2}.Release|Mixed Platforms.Build.0 = Release|Any CPU
		{65BBD200-9201-46BF-877F-3AF4D68039B2}.Release|x86.ActiveCfg = Release|Any CPU
		{7201F129-CE32-4F17-91A0-B71FD3A257CE}.Debug|Any CPU.ActiveCfg = Debug|Any CPU
		{7201F129-CE32-4F17-91A0-B71FD3A257CE}.Debug|Any CPU.Build.0 = Debug|Any CPU
		{7201F129-CE32-4F17-91A0-B71FD3A257CE}.Debug|Mixed Platforms.ActiveCfg = Debug|Any CPU
		{7201F129-CE32-4F17-91A0-B71FD3A257CE}.Debug|Mixed Platforms.Build.0 = Debug|Any CPU
		{7201F129-CE32-4F17-91A0-B71FD3A257CE}.Debug|x86.ActiveCfg = Debug|Any CPU
		{7201F129-CE32-4F17-91A0-B71FD3A257CE}.Release|Any CPU.ActiveCfg = Release|Any CPU
		{7201F129-CE32-4F17-91A0-B71FD3A257CE}.Release|Any CPU.Build.0 = Release|Any CPU
		{7201F129-CE32-4F17-91A0-B71FD3A257CE}.Release|Mixed Platforms.ActiveCfg = Release|Any CPU
		{7201F129-CE32-4F17-91A0-B71FD3A257CE}.Release|Mixed Platforms.Build.0 = Release|Any CPU
		{7201F129-CE32-4F17-91A0-B71FD3A257CE}.Release|x86.ActiveCfg = Release|Any CPU
		{F20BE165-AEA7-444F-B1F2-773A33D04EBD}.Debug|Any CPU.ActiveCfg = Debug|Any CPU
		{F20BE165-AEA7-444F-B1F2-773A33D04EBD}.Debug|Any CPU.Build.0 = Debug|Any CPU
		{F20BE165-AEA7-444F-B1F2-773A33D04EBD}.Debug|Mixed Platforms.ActiveCfg = Debug|Any CPU
		{F20BE165-AEA7-444F-B1F2-773A33D04EBD}.Debug|Mixed Platforms.Build.0 = Debug|Any CPU
		{F20BE165-AEA7-444F-B1F2-773A33D04EBD}.Debug|x86.ActiveCfg = Debug|Any CPU
		{F20BE165-AEA7-444F-B1F2-773A33D04EBD}.Release|Any CPU.ActiveCfg = Release|Any CPU
		{F20BE165-AEA7-444F-B1F2-773A33D04EBD}.Release|Any CPU.Build.0 = Release|Any CPU
		{F20BE165-AEA7-444F-B1F2-773A33D04EBD}.Release|Mixed Platforms.ActiveCfg = Release|Any CPU
		{F20BE165-AEA7-444F-B1F2-773A33D04EBD}.Release|Mixed Platforms.Build.0 = Release|Any CPU
		{F20BE165-AEA7-444F-B1F2-773A33D04EBD}.Release|x86.ActiveCfg = Release|Any CPU
		{35061300-651E-4734-BFA6-A8C69C83ED05}.Debug|Any CPU.ActiveCfg = Debug|Any CPU
		{35061300-651E-4734-BFA6-A8C69C83ED05}.Debug|Any CPU.Build.0 = Debug|Any CPU
		{35061300-651E-4734-BFA6-A8C69C83ED05}.Debug|Mixed Platforms.ActiveCfg = Debug|Any CPU
		{35061300-651E-4734-BFA6-A8C69C83ED05}.Debug|Mixed Platforms.Build.0 = Debug|Any CPU
		{35061300-651E-4734-BFA6-A8C69C83ED05}.Debug|x86.ActiveCfg = Debug|Any CPU
		{35061300-651E-4734-BFA6-A8C69C83ED05}.Release|Any CPU.ActiveCfg = Release|Any CPU
		{35061300-651E-4734-BFA6-A8C69C83ED05}.Release|Any CPU.Build.0 = Release|Any CPU
		{35061300-651E-4734-BFA6-A8C69C83ED05}.Release|Mixed Platforms.ActiveCfg = Release|Any CPU
		{35061300-651E-4734-BFA6-A8C69C83ED05}.Release|Mixed Platforms.Build.0 = Release|Any CPU
		{35061300-651E-4734-BFA6-A8C69C83ED05}.Release|x86.ActiveCfg = Release|Any CPU
		{A226F52F-EE4A-4AF8-AC8A-95350E893E2C}.Debug|Any CPU.ActiveCfg = Debug|Any CPU
		{A226F52F-EE4A-4AF8-AC8A-95350E893E2C}.Debug|Any CPU.Build.0 = Debug|Any CPU
		{A226F52F-EE4A-4AF8-AC8A-95350E893E2C}.Debug|Mixed Platforms.ActiveCfg = Debug|Any CPU
		{A226F52F-EE4A-4AF8-AC8A-95350E893E2C}.Debug|Mixed Platforms.Build.0 = Debug|Any CPU
		{A226F52F-EE4A-4AF8-AC8A-95350E893E2C}.Debug|x86.ActiveCfg = Debug|Any CPU
		{A226F52F-EE4A-4AF8-AC8A-95350E893E2C}.Release|Any CPU.ActiveCfg = Release|Any CPU
		{A226F52F-EE4A-4AF8-AC8A-95350E893E2C}.Release|Any CPU.Build.0 = Release|Any CPU
		{A226F52F-EE4A-4AF8-AC8A-95350E893E2C}.Release|Mixed Platforms.ActiveCfg = Release|Any CPU
		{A226F52F-EE4A-4AF8-AC8A-95350E893E2C}.Release|Mixed Platforms.Build.0 = Release|Any CPU
		{A226F52F-EE4A-4AF8-AC8A-95350E893E2C}.Release|x86.ActiveCfg = Release|Any CPU
		{F53582DB-02B7-4864-B7AA-AAD055A591E4}.Debug|Any CPU.ActiveCfg = Debug|Any CPU
		{F53582DB-02B7-4864-B7AA-AAD055A591E4}.Debug|Any CPU.Build.0 = Debug|Any CPU
		{F53582DB-02B7-4864-B7AA-AAD055A591E4}.Debug|Mixed Platforms.ActiveCfg = Debug|Any CPU
		{F53582DB-02B7-4864-B7AA-AAD055A591E4}.Debug|Mixed Platforms.Build.0 = Debug|Any CPU
		{F53582DB-02B7-4864-B7AA-AAD055A591E4}.Debug|x86.ActiveCfg = Debug|Any CPU
		{F53582DB-02B7-4864-B7AA-AAD055A591E4}.Release|Any CPU.ActiveCfg = Release|Any CPU
		{F53582DB-02B7-4864-B7AA-AAD055A591E4}.Release|Any CPU.Build.0 = Release|Any CPU
		{F53582DB-02B7-4864-B7AA-AAD055A591E4}.Release|Mixed Platforms.ActiveCfg = Release|Any CPU
		{F53582DB-02B7-4864-B7AA-AAD055A591E4}.Release|Mixed Platforms.Build.0 = Release|Any CPU
		{F53582DB-02B7-4864-B7AA-AAD055A591E4}.Release|x86.ActiveCfg = Release|Any CPU
	EndGlobalSection
	GlobalSection(SolutionProperties) = preSolution
		HideSolutionNode = FALSE
	EndGlobalSection
	GlobalSection(NestedProjects) = preSolution
		{B52A3233-0C4E-4541-B72F-F32EFAE96219} = {EED3D0DF-F921-4817-B284-0AE429FEA339}
		{767F21E4-2EF3-434C-9872-655F1057B99E} = {EED3D0DF-F921-4817-B284-0AE429FEA339}
		{E3E86D80-372C-46C6-BD96-757AFE7A2A81} = {EED3D0DF-F921-4817-B284-0AE429FEA339}
		{2A4139D5-B4D1-4494-AFDD-4CBEA3A40EA1} = {EED3D0DF-F921-4817-B284-0AE429FEA339}
		{553095A0-9B0D-4C29-8028-295E4D99C096} = {EED3D0DF-F921-4817-B284-0AE429FEA339}
		{7A498CC9-88E1-4723-8872-041E050AF0A0} = {EED3D0DF-F921-4817-B284-0AE429FEA339}
		{3EBD4435-2853-4D56-BDFD-4DE1B13DB312} = {EED3D0DF-F921-4817-B284-0AE429FEA339}
		{0DF7A59C-C2CC-4FCA-9C90-4F07558B4C94} = {EED3D0DF-F921-4817-B284-0AE429FEA339}
	EndGlobalSection
EndGlobal
